{
  "version": 2,
  "dependencies": {
    "net10.0": {
      "Npgsql": {
        "type": "Direct",
        "requested": "[10.0.3, )",
        "resolved": "10.0.3",
        "contentHash": "7nb5YzXuvWWJxB0J8DiyL3we+X4FOctZrt0fIBnucOIaIevFEEwGQVZKtiu9olXdlNAK1eNgqSral6r/jlhI4w=="
      },
      "Npgsql.EntityFrameworkCore.PostgreSQL": {
        "type": "Direct",
        "requested": "[10.0.3, )",
        "resolved": "10.0.3",
        "contentHash": "IPGrrZnRkuW7OlHDhUESZz4G5DLkW7Nej/O3Cx+0iTsgyU5XJxBgpsvTHLloo3WWuAKKbDHXBvWPVkX1deRh1Q==",
        "dependencies": {
          "Microsoft.EntityFrameworkCore": "[10.0.4, 11.0.0)",
          "Microsoft.EntityFrameworkCore.Relational": "[10.0.4, 11.0.0)",
          "Npgsql": "10.0.3"
        }
      },
      "AWSSDK.Core": {
        "type": "Transitive",
        "resolved": "4.0.102.3",
        "contentHash": "hGysXQOtru5CQmROaDLQURs5HK3W385ClLodTKZcLnd6o64YDOwvBaQrjYlfU9BEVLv7sdDR/ZRaATjpdBJ5Xw=="
      },
      "BouncyCastle.Cryptography": {
        "type": "Transitive",
        "resolved": "2.6.2",
        "contentHash": "7oWOcvnntmMKNzDLsdxAYqApt+AjpRpP2CShjMfIa3umZ42UQMvH0tl1qAliYPNYO6vTdcGMqnRrCPmsfzTI1w=="
      },
      "DocumentFormat.OpenXml.Framework": {
        "type": "Transitive",
        "resolved": "3.5.1",
        "contentHash": "U5txtc3ORno73xQx9Lf2gWzfaSZnZwKHfLkTAslhlew9lxe5XbUiCt0dY1fHeAf8yRqszUAe5i/+xLC9R/Xfsw==",
        "dependencies": {
          "System.IO.Packaging": "10.0.2"
        }
      },
      "Google.Protobuf": {
        "type": "Transitive",
        "resolved": "3.30.1",
        "contentHash": "HeWXDQBabQn/sCGicbeLJ0HMunknfC4FdLrOQOsaMJHcpqx3HVIpyyJqTrqJlWnza870twhOb+rBcaTiC/TlNA=="
      },
      "Grpc.Core.Api": {
        "type": "Transitive",
        "resolved": "2.70.0",
        "contentHash": "66UotvWcSIq41oiQhLWcQACyKPM4umxXNiht5DQTLZJfNwEswWOcS7Z0xIEHyNIBE7ZpjotH22bEjTkvhPxmVw=="
      },
      "Grpc.Net.Client": {
        "type": "Transitive",
        "resolved": "2.70.0",
        "contentHash": "xNv0FFCVJa5S1beUtye82WFCxKThuE1jbN8DO1x1Rj8VSIWXLBUmfSID5a1fGzsU2R/EMfwPoWclJ2RMfQuGXw==",
        "dependencies": {
          "Grpc.Net.Common": "2.70.0"
        }
      },
      "Grpc.Net.Common": {
        "type": "Transitive",
        "resolved": "2.70.0",
        "contentHash": "rBdEUMyCwa+iB8mqC6JKyPbj3SBHHkReJj/yy/XKJI63GcG6w9DJMMGTVcYHqq4Ci2W4m0HT4jt2pFfFscar8g==",
        "dependencies": {
          "Grpc.Core.Api": "2.70.0"
        }
      },
      "Microsoft.Bcl.Cryptography": {
        "type": "Transitive",
        "resolved": "10.0.2",
        "contentHash": "LG9Yll3B5aNpxv0+D47g6LiOiKBIlodhcHdQwcYzo8VeexFLGqx5ymetmA2aBRyo9cCcWsQWrFsdbsr8LvmWDw=="
      },
      "Microsoft.EntityFrameworkCore.Abstractions": {
        "type": "Transitive",
        "resolved": "10.0.11",
        "contentHash": "6auJR+9+9VunznKfH7WGrHMrnrmA0F7JZ22EXzwXvVhjfnbu9Xq7NSIWaOf3KJsOanM2qf5ajJ2JR5TlcPZTLA=="
      },
      "Microsoft.EntityFrameworkCore.Analyzers": {
        "type": "Transitive",
        "resolved": "10.0.11",
        "contentHash": "Bv7X4wSSnzCQED9WYXKJ8fwgyvKwf0xZM1GO8xkf6CF9zl+UBnvjxmcPnokJRy0JKjc1SlHSzzhx1HcL4jitTQ=="
      },
      "Microsoft.Extensions.AmbientMetadata.Application": {
        "type": "Transitive",
        "resolved": "10.9.0",
        "contentHash": "BX45SeAjP6sz9Djg6Gm0/IruBuWkyUKxtr4pn9sLAuprnuRn+VBPZVH2XxpzbaT7cVCPim3+Dkijl6yhLHjBOw=="
      },
      "Microsoft.Extensions.Compliance.Abstractions": {
        "type": "Transitive",
        "resolved": "10.9.0",
        "contentHash": "tuSqNuiJxlln43sZ8c1EDA4WXit1eX4foGadylXso3DnMVc+DtKfaNEwvHuiFXfPsEUZ6Z3GnF0Bfk9vvOsE4Q=="
      },
      "Microsoft.Extensions.DependencyInjection.AutoActivation": {
        "type": "Transitive",
        "resolved": "10.9.0",
        "contentHash": "hO/IpudHBl+EMXm1Ag8+7ersCN7VuiR6ech1+cVk8I+o7ssPRKdTozIAO4HGPt49G/lY6lo7G2kY5Q00biMHew=="
      },
      "Microsoft.Extensions.DependencyModel": {
        "type": "Transitive",
        "resolved": "10.0.0",
        "contentHash": "RFYJR7APio/BiqdQunRq6DB+nDB6nc2qhHr77mlvZ0q0BT8PubMXN7XicmfzCbrDE/dzhBnUKBRXLTcqUiZDGg=="
      },
      "Microsoft.Extensions.Diagnostics.ExceptionSummarization": {
        "type": "Transitive",
        "resolved": "10.9.0",
        "contentHash": "Cyp36W6/XHD6sSDnbc6Ss7M+qOcjrer400Dx4Tfkb5OHcKV6bp9uMqZ4Y8PAoSwTfS8a/3lB9xCF+CLf0JGUig=="
      },
      "Microsoft.Extensions.Http.Diagnostics": {
        "type": "Transitive",
        "resolved": "10.9.0",
        "contentHash": "jxxGX3bUe0ZZFtkMaigIJG44aGK6toE0EFhQwPYfTGLHw4EgXgceO8+RAdXZakK4BezpeDhR//6cxqmtae0I9Q==",
        "dependencies": {
          "Microsoft.Extensions.Telemetry": "10.9.0"
        }
      },
      "Microsoft.Extensions.Http.Polly": {
        "type": "Transitive",
        "resolved": "10.0.11",
        "contentHash": "DIxaTXWdbjRJihAIutpDIgPbpD9PwW8lW0EIawlNH4zs7coCgwPnd9rYlzXYkuKKphnjcKYlo6gXFeg6z15GLg==",
        "dependencies": {
          "Polly": "7.2.4",
          "Polly.Extensions.Http": "3.0.0"
        }
      },
      "Microsoft.Extensions.Resilience": {
        "type": "Transitive",
        "resolved": "10.9.0",
        "contentHash": "LXMTKZGNzs3fsjKytTVeIEdp+yssJon7PW3VbxERZeqALA2Za/AQzt2h6K64PZ2NzgfFnX4rCJp6aTe+ocX83A==",
        "dependencies": {
          "Microsoft.Extensions.Diagnostics.ExceptionSummarization": "10.9.0",
          "Microsoft.Extensions.Telemetry.Abstractions": "10.9.0",
          "Polly.Extensions": "8.4.2",
          "Polly.RateLimiting": "8.4.2"
        }
      },
      "Microsoft.Extensions.Telemetry": {
        "type": "Transitive",
        "resolved": "10.9.0",
        "contentHash": "RpV3VzPa1YoHqvE2Q4uOuVjioVJhLOhaz4FXIE3XAEvla4qujnM+wFB7QnTAmIJxlg7lbBslkIHJQzpI8yHDQQ==",
        "dependencies": {
          "Microsoft.Extensions.AmbientMetadata.Application": "10.9.0",
          "Microsoft.Extensions.DependencyInjection.AutoActivation": "10.9.0",
          "Microsoft.Extensions.Telemetry.Abstractions": "10.9.0"
        }
      },
      "Microsoft.Extensions.Telemetry.Abstractions": {
        "type": "Transitive",
        "resolved": "10.9.0",
        "contentHash": "rCyM64XvBNi2IY/5noMVsJjt22zVmnI+8tGrb6JnPRW/75Nyv9Hi+7gkxb7zQcR0+2mzS1sAqPXz2PsdHZCqHg==",
        "dependencies": {
          "Microsoft.Extensions.Compliance.Abstractions": "10.9.0"
        }
      },
      "Microsoft.IdentityModel.Abstractions": {
        "type": "Transitive",
        "resolved": "8.19.2",
        "contentHash": "HJbo/lnSfNHUfphPRT910poQc4T2/9+8svFLvzuaYHGAOJ2Tu+oEDqpX0BVP3BJ4OuUM1kylEKyaiX2fCAK3Cw=="
      },
      "Microsoft.IdentityModel.JsonWebTokens": {
        "type": "Transitive",
        "resolved": "8.19.2",
        "contentHash": "ui3fuBT4fs8kdKfBthI4NzLYIBIneEVS8UrL1JVBzAn80UiKmngBBi0BEByE7n/9c+EElcfFlCMFFTqpkBSLNA==",
        "dependencies": {
          "Microsoft.IdentityModel.Tokens": "8.19.2"
        }
      },
      "Microsoft.IdentityModel.Logging": {
        "type": "Transitive",
        "resolved": "8.19.2",
        "contentHash": "r5YLDIxGOnkVJHrqXv/iD1FM1CgGrQOdriXuvuWvTPmKbnGANhEysq9XKmN6IHjf2a+9bAGEpnoRBsAQlvJU5w==",
        "dependencies": {
          "Microsoft.IdentityModel.Abstractions": "8.19.2"
        }
      },
      "Microsoft.IdentityModel.Protocols": {
        "type": "Transitive",
        "resolved": "8.19.2",
        "contentHash": "sGxSsSrZXNmca6D+jHH2rVRyo2nNRd/g4H9CFbPmLLq0xgoH1U0orLWE5minfijw7+zq49tBs7txenbfAErRoQ==",
        "dependencies": {
          "Microsoft.IdentityModel.Tokens": "8.19.2"
        }
      },
      "Microsoft.IdentityModel.Tokens": {
        "type": "Transitive",
        "resolved": "8.19.2",
        "contentHash": "GtPC1S02uH1gOO4fQ+zRysIicKmEXaYFP8PIkdJYXqMyruYhopre4ozVHp0XiDSA0+GJvOZH9prxCPvgBMg4Ww==",
        "dependencies": {
          "Microsoft.Bcl.Cryptography": "10.0.2",
          "Microsoft.IdentityModel.Logging": "8.19.2"
        }
      },
      "MimeKit": {
        "type": "Transitive",
        "resolved": "4.17.0",
        "contentHash": "h/KXsCreJf8RpR/PSAtlbvYtZFndp9N8Wn1Bs248AL7ITyhn+AiIY5bLTvt60tbN2mu6g8KadtBNWygTji2lqg==",
        "dependencies": {
          "BouncyCastle.Cryptography": "2.6.2",
          "System.Security.Cryptography.Pkcs": "10.0.0"
        }
      },
      "OpenIddict": {
        "type": "Transitive",
        "resolved": "7.7.0",
        "contentHash": "I+nwcJ8QhBQ02WH+rk77r2QiA/8OGhti+IVaRQfQpnTaJv8nFsThyEnWV1dcVLrmSyVpWvzhYddWt3+XRrKbXg==",
        "dependencies": {
          "OpenIddict.Abstractions": "7.7.0",
          "OpenIddict.Client": "7.7.0",
          "OpenIddict.Client.SystemIntegration": "7.7.0",
          "OpenIddict.Client.SystemNetHttp": "7.7.0",
          "OpenIddict.Client.WebIntegration": "7.7.0",
          "OpenIddict.Core": "7.7.0",
          "OpenIddict.Server": "7.7.0",
          "OpenIddict.Validation": "7.7.0",
          "OpenIddict.Validation.ServerIntegration": "7.7.0",
          "OpenIddict.Validation.SystemNetHttp": "7.7.0"
        }
      },
      "OpenIddict.Abstractions": {
        "type": "Transitive",
        "resolved": "7.7.0",
        "contentHash": "wNqOO+Yftp9X7ytlD1d3i/Z3WiAHNH7CNs+spHnnvxWBy0PadnR+m4gMr2d87aB0mXZlkC9Kc71B5uw+C1aceQ==",
        "dependencies": {
          "Microsoft.IdentityModel.Tokens": "8.19.2"
        }
      },
      "OpenIddict.Client": {
        "type": "Transitive",
        "resolved": "7.7.0",
        "contentHash": "3IZlwTUndjxEUCDNXOjdOmuAdYhyo2e5hhLRr0dcfEOR5TbjB2lNSLktFR3oWNtx2ZJmSMOLbmfmeR/DXGN1lA==",
        "dependencies": {
          "Microsoft.IdentityModel.JsonWebTokens": "8.19.2",
          "Microsoft.IdentityModel.Protocols": "8.19.2",
          "OpenIddict.Abstractions": "7.7.0"
        }
      },
      "OpenIddict.Client.AspNetCore": {
        "type": "Transitive",
        "resolved": "7.7.0",
        "contentHash": "IxCPl6clQi0fsYZPDa+gJ4USeh16AgwukXpie+TBudedc6hEQyoRyPG/AQPL9bUhmvbdUnbygxENbkox5sAzAQ==",
        "dependencies": {
          "OpenIddict.Client": "7.7.0"
        }
      },
      "OpenIddict.Client.DataProtection": {
        "type": "Transitive",
        "resolved": "7.7.0",
        "contentHash": "NtjjV36XF6K/j0nCT5qQb2PwK0imxPAAS8/EC3Y1VLN3bQ7NrD0/U2LJObd5JLwCaGkG4Pk+Z9jL25R9J0pRPw==",
        "dependencies": {
          "OpenIddict.Client": "7.7.0"
        }
      },
      "OpenIddict.Client.SystemIntegration": {
        "type": "Transitive",
        "resolved": "7.7.0",
        "contentHash": "YPi/B1P02230vIzsX8y0CtysZ1bxC/RCMt4zqylyRuwcxmeGWYPafZAM6jYq+2yGoUD3s79wRnZD/CmS0lE9Tw==",
        "dependencies": {
          "OpenIddict.Client": "7.7.0"
        }
      },
      "OpenIddict.Client.SystemNetHttp": {
        "type": "Transitive",
        "resolved": "7.7.0",
        "contentHash": "bduQajRlCu0vpdBknUdgbrbTTYRYvWtNNN5GyUioC/VlUkeqQFFkNksJ4JiISyoq5O9m7NU42VcIn4LUUvvEZQ==",
        "dependencies": {
          "Microsoft.Extensions.Http.Polly": "10.0.11",
          "Microsoft.Extensions.Http.Resilience": "10.8.0",
          "OpenIddict.Client": "7.7.0"
        }
      },
      "OpenIddict.Client.WebIntegration": {
        "type": "Transitive",
        "resolved": "7.7.0",
        "contentHash": "oVN0PH56DjbE+nPtlnw07DPppjnASmqID3KUF4NsPYtfYmvRxRinjYJtj5Gl9HJz+W5CZyTrEeVwlPKgyVK4Vw==",
        "dependencies": {
          "OpenIddict.Client": "7.7.0",
          "OpenIddict.Client.SystemNetHttp": "7.7.0"
        }
      },
      "OpenIddict.Core": {
        "type": "Transitive",
        "resolved": "7.7.0",
        "contentHash": "2U0hu/on1TnrWqwMnjIpEM870nRKmWW3WzaF+6ProG494DW7bnvBD/4wGjN1iIld5aTWplK+gT+5WTU7MYWjLQ==",
        "dependencies": {
          "OpenIddict.Abstractions": "7.7.0"
        }
      },
      "OpenIddict.EntityFrameworkCore.Models": {
        "type": "Transitive",
        "resolved": "7.7.0",
        "contentHash": "Ios00zCukWvrCifpY0DO1lrVCpDpUYq3YdHwQNgjdFpLqiQFgWBwH/KnmXKv5hL6Frhpf9qEhX0lnRPzCbCSEQ=="
      },
      "OpenIddict.Server": {
        "type": "Transitive",
        "resolved": "7.7.0",
        "contentHash": "QVUdAnkTbu17KzfMwaEPKOrVj3DvDaGxqt3MJ+35VX2DSWxT7AIUTO+z68j1/7RY6FmYZfcEG5PXyHK86Xfdaw==",
        "dependencies": {
          "Microsoft.IdentityModel.JsonWebTokens": "8.19.2",
          "OpenIddict.Abstractions": "7.7.0"
        }
      },
      "OpenIddict.Server.AspNetCore": {
        "type": "Transitive",
        "resolved": "7.7.0",
        "contentHash": "CXkv4/wSWGihiNzjy4N4AXE6QNZM3eEJACgdJTrwBkCrCwDqw+Bwlfe+uh3oZURI3JfckoTc5geBtkl3j7dosA==",
        "dependencies": {
          "OpenIddict.Server": "7.7.0"
        }
      },
      "OpenIddict.Server.DataProtection": {
        "type": "Transitive",
        "resolved": "7.7.0",
        "contentHash": "qLHHxIgnh6yEN0k1/dAt6ExUzTsAXFK0rsneOQsJbn0sNHfnptbRjzgbrS02rIaGc41v257hPbrXJEXdWk7oMA==",
        "dependencies": {
          "OpenIddict.Server": "7.7.0"
        }
      },
      "OpenIddict.Validation": {
        "type": "Transitive",
        "resolved": "7.7.0",
        "contentHash": "D7X+Jq+Z4J4bzW/dLCwA+lgvOzeV72WxHojDYLiEjHaoQlt/h3iz958zUa/s7rOO8hWiPJLD/esMkKZ1GsgXjA==",
        "dependencies": {
          "Microsoft.IdentityModel.JsonWebTokens": "8.19.2",
          "Microsoft.IdentityModel.Protocols": "8.19.2",
          "OpenIddict.Abstractions": "7.7.0"
        }
      },
      "OpenIddict.Validation.AspNetCore": {
        "type": "Transitive",
        "resolved": "7.7.0",
        "contentHash": "m1nEZmDTsYccll6y8rN1BgN+kqRb1csdM34hM5x/9UhtrY4is9cviqNuY2UFdPDqNtfpbPdmgPpypgj9WIdUdQ==",
        "dependencies": {
          "OpenIddict.Validation": "7.7.0"
        }
      },
      "OpenIddict.Validation.DataProtection": {
        "type": "Transitive",
        "resolved": "7.7.0",
        "contentHash": "OX6IvhgwCH3i332Ztcf3ajFh8ZAJin3GiMHfE04naNyBjDD+jWRmKcufnkqyzlx1MTWhu4ARR52+1KEj5FmM3g==",
        "dependencies": {
          "OpenIddict.Validation": "7.7.0"
        }
      },
      "OpenIddict.Validation.ServerIntegration": {
        "type": "Transitive",
        "resolved": "7.7.0",
        "contentHash": "41sle/sOz33pSnHBgGLyivAFsTdlGxetsUmMO76jC5C4bJUDEHmroJ/mUdcIe2q/9YY0eyOmPgkr5mAPyZjxHw==",
        "dependencies": {
          "OpenIddict.Server": "7.7.0",
          "OpenIddict.Validation": "7.7.0"
        }
      },
      "OpenIddict.Validation.SystemNetHttp": {
        "type": "Transitive",
        "resolved": "7.7.0",
        "contentHash": "jx3zvgAGQlN2dFjjvKaml/M1+CkDP3VLTgTmZfahvseKBakkrFUZHPtBo+mQKsFs/OfBuC/Hf5hm5dWBCpbuFw==",
        "dependencies": {
          "Microsoft.Extensions.Http.Polly": "10.0.11",
          "Microsoft.Extensions.Http.Resilience": "10.8.0",
          "OpenIddict.Validation": "7.7.0"
        }
      },
      "PDFsharp": {
        "type": "Transitive",
        "resolved": "6.2.4",
        "contentHash": "GhTr9F1uOYXHCIEOB5PXIgqn5a8WLsJL2m0eewTA0IvY1j6N4HGXHKKmEyB90/N6vrjmYamf41V9zbmdW2HY3g==",
        "dependencies": {
          "System.Security.Cryptography.Pkcs": "8.0.1"
        }
      },
      "Polly": {
        "type": "Transitive",
        "resolved": "7.2.4",
        "contentHash": "bw00Ck5sh6ekduDE3mnCo1ohzuad946uslCDEENu3091+6UKnBuKLo4e+yaNcCzXxOZCXWY2gV4a35+K1d4LDA=="
      },
      "Polly.Core": {
        "type": "Transitive",
        "resolved": "8.4.2",
        "contentHash": "BpE2I6HBYYA5tF0Vn4eoQOGYTYIK1BlF5EXVgkWGn3mqUUjbXAr13J6fZVbp7Q3epRR8yshacBMlsHMhpOiV3g=="
      },
      "Polly.Extensions": {
        "type": "Transitive",
        "resolved": "8.4.2",
        "contentHash": "GZ9vRVmR0jV2JtZavt+pGUsQ1O1cuRKG7R7VOZI6ZDy9y6RNPvRvXK1tuS4ffUrv8L0FTea59oEuQzgS0R7zSA==",
        "dependencies": {
          "Polly.Core": "8.4.2"
        }
      },
      "Polly.Extensions.Http": {
        "type": "Transitive",
        "resolved": "3.0.0",
        "contentHash": "drrG+hB3pYFY7w1c3BD+lSGYvH2oIclH8GRSehgfyP5kjnFnHKQuuBhuHLv+PWyFuaTDyk/vfRpnxOzd11+J8g==",
        "dependencies": {
          "Polly": "7.1.0"
        }
      },
      "Polly.RateLimiting": {
        "type": "Transitive",
        "resolved": "8.4.2",
        "contentHash": "ehTImQ/eUyO07VYW2WvwSmU9rRH200SKJ/3jku9rOkyWE0A2JxNFmAVms8dSn49QLSjmjFRRSgfNyOgr/2PSmA==",
        "dependencies": {
          "Polly.Core": "8.4.2"
        }
      },
      "Serilog": {
        "type": "Transitive",
        "resolved": "4.3.0",
        "contentHash": "+cDryFR0GRhsGOnZSKwaDzRRl4MupvJ42FhCE4zhQRVanX0Jpg6WuCBk59OVhVDPmab1bB+nRykAnykYELA9qQ=="
      },
      "Serilog.Extensions.Hosting": {
        "type": "Transitive",
        "resolved": "10.0.0",
        "contentHash": "E7juuIc+gzoGxgzFooFgAV8g9BfiSXNKsUok9NmEpyAXg2odkcPsMa/Yo4axkJRlh0se7mkYQ1GXDaBemR+b6w==",
        "dependencies": {
          "Serilog": "4.3.0",
          "Serilog.Extensions.Logging": "10.0.0"
        }
      },
      "Serilog.Extensions.Logging": {
        "type": "Transitive",
        "resolved": "10.0.0",
        "contentHash": "vx0kABKl2dWbBhhqAfTOk53/i8aV/5VaT3a6il9gn72Wqs2pM7EK2OB6No6xdqK2IaY6Zf9gdjLuK9BVa2rT+Q==",
        "dependencies": {
          "Serilog": "4.2.0"
        }
      },
      "Serilog.Settings.Configuration": {
        "type": "Transitive",
        "resolved": "10.0.0",
        "contentHash": "LNq+ibS1sbhTqPV1FIE69/9AJJbfaOhnaqkzcjFy95o+4U+STsta9mi97f1smgXsWYKICDeGUf8xUGzd/52/uA==",
        "dependencies": {
          "Microsoft.Extensions.DependencyModel": "10.0.0",
          "Serilog": "4.3.0"
        }
      },
      "Serilog.Sinks.Console": {
        "type": "Transitive",
        "resolved": "6.1.1",
        "contentHash": "8jbqgjUyZlfCuSTaJk6lOca465OndqOz3KZP6Cryt/IqZYybyBu7GP0fE/AXBzrrQB3EBmQntBFAvMVz1COvAA==",
        "dependencies": {
          "Serilog": "4.0.0"
        }
      },
      "Serilog.Sinks.Debug": {
        "type": "Transitive",
        "resolved": "3.0.0",
        "contentHash": "4BzXcdrgRX7wde9PmHuYd9U6YqycCC28hhpKonK7hx0wb19eiuRj16fPcPSVp0o/Y1ipJuNLYQ00R3q2Zs8FDA==",
        "dependencies": {
          "Serilog": "4.0.0"
        }
      },
      "Serilog.Sinks.File": {
        "type": "Transitive",
        "resolved": "7.0.0",
        "contentHash": "fKL7mXv7qaiNBUC71ssvn/dU0k9t0o45+qm2XgKAlSt19xF+ijjxyA3R6HmCgfKEKwfcfkwWjayuQtRueZFkYw==",
        "dependencies": {
          "Serilog": "4.2.0"
        }
      },
      "SkiaSharp.NativeAssets.macOS": {
        "type": "Transitive",
        "resolved": "4.151.2",
        "contentHash": "hDGy20k1DJZuKcdbHjwaOfsPeQYY9ty8wJeG1qzJWidPUzrwwvVtTLpDdTiP1M89UWbEYyWAhZo9qOaoYae6iQ=="
      },
      "SkiaSharp.NativeAssets.Win32": {
        "type": "Transitive",
        "resolved": "4.151.2",
        "contentHash": "sTUHSfWXVYThf/lTG81n8y1gMnr0TiN/2zrApwd0jbGfbsEt9g4+GPsj6UVjjgNLXCI9l5CyzxQ6Zh4fP9ZoVQ=="
      },
      "System.IO.Packaging": {
        "type": "Transitive",
        "resolved": "10.0.2",
        "contentHash": "JTpM4z0wpoIHHDvlCU27HsXo+zVnpWib94HXQpzzr+jc/P9NYf4w353AK4MXyGq/grm1mbLi7eXsOsDU8sGmNg=="
      },
      "System.Security.Cryptography.Pkcs": {
        "type": "Transitive",
        "resolved": "10.0.0",
        "contentHash": "UPWqLSygJlFerRi9XNIuM0a1VC8gHUIufyP24xQ0sc+XimqUAEcjpOz9DhKpyDjH+5B/wO3RpC0KpkEeDj/ddg=="
      },
      "flatpackapp.application": {
        "type": "Project",
        "dependencies": {
          "FlatpackApp.Domain": "[1.0.0, )",
          "FluentValidation": "[12.1.1, )"
        }
      },
      "flatpackapp.domain": {
        "type": "Project"
      },
      "flatpackapp.identity": {
        "type": "Project",
        "dependencies": {
          "FlatpackApp.Application": "[1.0.0, )",
          "Microsoft.AspNetCore.DataProtection.EntityFrameworkCore": "[10.0.11, )",
          "Microsoft.AspNetCore.Identity.EntityFrameworkCore": "[10.0.11, )",
          "Microsoft.EntityFrameworkCore": "[10.0.11, )",
          "Npgsql.EntityFrameworkCore.PostgreSQL": "[10.0.3, )",
          "OpenIddict.AspNetCore": "[7.7.0, )",
          "OpenIddict.EntityFrameworkCore": "[7.7.0, )"
        }
      },
      "flatpackapp.infrastructure": {
        "type": "Project",
        "dependencies": {
          "AWSSDK.S3": "[4.0.102.5, )",
          "DocumentFormat.OpenXml": "[3.5.1, )",
          "FlatpackApp.Application": "[1.0.0, )",
          "MailKit": "[4.17.0, )",
          "Microsoft.AspNetCore.DataProtection.EntityFrameworkCore": "[10.0.11, )",
          "Microsoft.EntityFrameworkCore": "[10.0.11, )",
          "Npgsql.EntityFrameworkCore.PostgreSQL": "[10.0.3, )",
          "PDFsharp-MigraDoc": "[6.2.4, )",
          "Serilog.AspNetCore": "[10.0.0, )",
          "Serilog.Formatting.Compact": "[3.0.0, )",
          "Serilog.Sinks.OpenTelemetry": "[4.2.0, )",
          "SkiaSharp": "[4.151.2, )"
        }
      },
      "AWSSDK.S3": {
        "type": "CentralTransitive",
        "requested": "[4.0.102.5, )",
        "resolved": "4.0.102.5",
        "contentHash": "eMGywCE5J932OFTjjynQRjinkz4p8WQqrX0+VHtwhAE0BBIZWy07W64lloPwKvgVtumqszOiFo5Mbj6VKRZ/mw==",
        "dependencies": {
          "AWSSDK.Core": "[4.0.102.3, 5.0.0)"
        }
      },
      "DocumentFormat.OpenXml": {
        "type": "CentralTransitive",
        "requested": "[3.5.1, )",
        "resolved": "3.5.1",
        "contentHash": "zxdOf5VVCe/uNklbRhj8dVBzQGj3DoqkUuqOp9cAZVuN8mNYDjof1lvSQA2OQNr8Ptc9d7pbA7Azq/ReaI3FpA==",
        "dependencies": {
          "DocumentFormat.OpenXml.Framework": "3.5.1"
        }
      },
      "FluentValidation": {
        "type": "CentralTransitive",
        "requested": "[12.1.1, )",
        "resolved": "12.1.1",
        "contentHash": "EPpkIe1yh1a0OXyC100oOA8WMbZvqUu5plwhvYcb7oSELfyUZzfxV48BLhvs3kKo4NwG7MGLNgy1RJiYtT8Dpw=="
      },
      "MailKit": {
        "type": "CentralTransitive",
        "requested": "[4.17.0, )",
        "resolved": "4.17.0",
        "contentHash": "1nUAVLxM9fhT/78we6/AGsCesnpn5dRNLLeRqOfr52Wnk87pzVwo5YMTMyqnmoXrYc7piGhmayiMA/OgDluIjg==",
        "dependencies": {
          "MimeKit": "4.17.0"
        }
      },
      "Microsoft.AspNetCore.DataProtection.EntityFrameworkCore": {
        "type": "CentralTransitive",
        "requested": "[10.0.11, )",
        "resolved": "10.0.11",
        "contentHash": "hMzgy/JpKNy7vKJBp9iBHiGqGGi+vtPNV8qSamQy3vOO3sPE8RslYkMz6pgCYIkLhLPr29J0lLj7SnA0J5Eoqw==",
        "dependencies": {
          "Microsoft.EntityFrameworkCore": "10.0.11"
        }
      },
      "Microsoft.AspNetCore.Identity.EntityFrameworkCore": {
        "type": "CentralTransitive",
        "requested": "[10.0.11, )",
        "resolved": "10.0.11",
        "contentHash": "N3+Fs465t08FyrQ+uoQyYH6TehLjtuGr/v5IjlFZANBbsivq9M5xFCVD25Ktq+HpWCfWXIrRjoakgymzO2trlw==",
        "dependencies": {
          "Microsoft.EntityFrameworkCore.Relational": "10.0.11"
        }
      },
      "Microsoft.EntityFrameworkCore": {
        "type": "CentralTransitive",
        "requested": "[10.0.11, )",
        "resolved": "10.0.11",
        "contentHash": "VOSGU8en6HZJs8t7UMFN+9vGcRgVOOn6fA44Ngcg2NyvJ3P1KE94iAb0XzaVaGhXGtt+qaM/VtEn0/hzluQJeg==",
        "dependencies": {
          "Microsoft.EntityFrameworkCore.Abstractions": "10.0.11",
          "Microsoft.EntityFrameworkCore.Analyzers": "10.0.11"
        }
      },
      "Microsoft.EntityFrameworkCore.Relational": {
        "type": "CentralTransitive",
        "requested": "[10.0.11, )",
        "resolved": "10.0.11",
        "contentHash": "grznnTJgEYxaWpdKAsTzg6j+89jHgCXWYp+QGtlX5O92+w/VuhWM6JLPYb+uw8M9VhGUvOTsO76dYOy9vNPd5Q==",
        "dependencies": {
          "Microsoft.EntityFrameworkCore": "10.0.11"
        }
      },
      "Microsoft.Extensions.Http.Resilience": {
        "type": "CentralTransitive",
        "requested": "[10.9.0, )",
        "resolved": "10.9.0",
        "contentHash": "loWrGc0mZt6N91IV+PZQeNU4uvb2vHdKgU9pUo8i2SGix9edTNCVhwzBp3gWJeaXeoPMph6F9xXcXF4W2ePpRg==",
        "dependencies": {
          "Microsoft.Extensions.Http.Diagnostics": "10.9.0",
          "Microsoft.Extensions.Resilience": "10.9.0"
        }
      },
      "OpenIddict.AspNetCore": {
        "type": "CentralTransitive",
        "requested": "[7.7.0, )",
        "resolved": "7.7.0",
        "contentHash": "Ah+0pUVpEegJMRtuzN+UPlhN5QEC74vztgUTZ5oglzNMuV5F9nV+jzEcOZ7SG2cXEaFCIQtYcpN3Pjyc48A1Lw==",
        "dependencies": {
          "OpenIddict": "7.7.0",
          "OpenIddict.Client.AspNetCore": "7.7.0",
          "OpenIddict.Client.DataProtection": "7.7.0",
          "OpenIddict.Server.AspNetCore": "7.7.0",
          "OpenIddict.Server.DataProtection": "7.7.0",
          "OpenIddict.Validation.AspNetCore": "7.7.0",
          "OpenIddict.Validation.DataProtection": "7.7.0"
        }
      },
      "OpenIddict.EntityFrameworkCore": {
        "type": "CentralTransitive",
        "requested": "[7.7.0, )",
        "resolved": "7.7.0",
        "contentHash": "8XlJJccN0JmBr/8UpZPD3gKqASe+1oovO9LPGUaLvmExM1Dcb/2TDf2G8/rG01GbJj0WPQlSdlEWsjfQxgB7Mw==",
        "dependencies": {
          "Microsoft.EntityFrameworkCore.Relational": "10.0.11",
          "OpenIddict.Core": "7.7.0",
          "OpenIddict.EntityFrameworkCore.Models": "7.7.0"
        }
      },
      "PDFsharp-MigraDoc": {
        "type": "CentralTransitive",
        "requested": "[6.2.4, )",
        "resolved": "6.2.4",
        "contentHash": "ZlRUJaAAo4K2oMt1v02GTeGOHIOoOvcH1e1WYMpunCG1MK8jd4EBrbzSHoYSN7yOfKWFtOIUfzvmKhRGPsyWQQ==",
        "dependencies": {
          "PDFsharp": "6.2.4",
          "System.Security.Cryptography.Pkcs": "8.0.1"
        }
      },
      "Serilog.AspNetCore": {
        "type": "CentralTransitive",
        "requested": "[10.0.0, )",
        "resolved": "10.0.0",
        "contentHash": "a/cNa1mY4On1oJlfGG1wAvxjp5g7OEzk/Jf/nm7NF9cWoE7KlZw1GldrifUBWm9oKibHkR7Lg/l5jy3y7ACR8w==",
        "dependencies": {
          "Serilog": "4.3.0",
          "Serilog.Extensions.Hosting": "10.0.0",
          "Serilog.Formatting.Compact": "3.0.0",
          "Serilog.Settings.Configuration": "10.0.0",
          "Serilog.Sinks.Console": "6.1.1",
          "Serilog.Sinks.Debug": "3.0.0",
          "Serilog.Sinks.File": "7.0.0"
        }
      },
      "Serilog.Formatting.Compact": {
        "type": "CentralTransitive",
        "requested": "[3.0.0, )",
        "resolved": "3.0.0",
        "contentHash": "wQsv14w9cqlfB5FX2MZpNsTawckN4a8dryuNGbebB/3Nh1pXnROHZov3swtu3Nj5oNG7Ba+xdu7Et/ulAUPanQ==",
        "dependencies": {
          "Serilog": "4.0.0"
        }
      },
      "Serilog.Sinks.OpenTelemetry": {
        "type": "CentralTransitive",
        "requested": "[4.2.0, )",
        "resolved": "4.2.0",
        "contentHash": "PzMCyE5G19tjr5IZEi5qg+4UU5QrxBEoBEMu/hhYybTrGKXqUDiSGWKZNUDBgelaVKqLADlsmlJVyKce5SyPrg==",
        "dependencies": {
          "Google.Protobuf": "3.30.1",
          "Grpc.Net.Client": "2.70.0",
          "Serilog": "4.2.0"
        }
      },
      "SkiaSharp": {
        "type": "CentralTransitive",
        "requested": "[4.151.2, )",
        "resolved": "4.151.2",
        "contentHash": "zqcEy5E17Tqoh2tEvb4uC2G3ulli5YdsljzZuf93pCc/9gQDMx9VrUInxiqkLMGt+MjQi8hNrf1Uxmq25yyU3A==",
        "dependencies": {
          "SkiaSharp.NativeAssets.Win32": "4.151.2",
          "SkiaSharp.NativeAssets.macOS": "4.151.2"
        }
      }
    }
  }
}