<Solution>
  <Folder Name="/src/">
    <Project Path="src/FlatpackApp.Api/FlatpackApp.Api.csproj" />
    <Project Path="src/FlatpackApp.AppHost/FlatpackApp.AppHost.csproj" />
    <Project Path="src/FlatpackApp.Application/FlatpackApp.Application.csproj" />
    <Project Path="src/FlatpackApp.Domain/FlatpackApp.Domain.csproj" />
    <Project Path="src/FlatpackApp.Identity/FlatpackApp.Identity.csproj" />
    <Project Path="src/FlatpackApp.Infrastructure/FlatpackApp.Infrastructure.csproj" />
    <Project Path="src/FlatpackApp.Migrator/FlatpackApp.Migrator.csproj" />
    <Project Path="src/FlatpackApp.Modules.Abstractions/FlatpackApp.Modules.Abstractions.csproj" />
    <Project Path="src/FlatpackApp.Modules.AspNetCore/FlatpackApp.Modules.AspNetCore.csproj" />
    <Project Path="src/FlatpackApp.Modules.GettingStarted/FlatpackApp.Modules.GettingStarted.csproj" />
    <Project Path="src/FlatpackApp.ServiceDefaults/FlatpackApp.ServiceDefaults.csproj" />
  </Folder>
  <Folder Name="/tests/">
    <Project Path="tests/FlatpackApp.IntegrationTests/FlatpackApp.IntegrationTests.csproj" />
    <Project Path="tests/FlatpackApp.UnitTests/FlatpackApp.UnitTests.csproj" />
  </Folder>
</Solution>
